
Microsoft Visual Studio Solution File, Format Version 12.00
# Visual Studio Version 16
VisualStudioVersion = 16.0.31424.327
MinimumVisualStudioVersion = 10.0.40219.1
Project("{9A19103F-16F7-4668-BE54-9A1E7A4F7556}") = "Subscriber", "Subscriber\Subscriber.csproj", "{E2AB80EE-01CD-4576-B683-75F4A56B3B79}"
EndProject
Project("{9A19103F-16F7-4668-BE54-9A1E7A4F7556}") = "Infrastructure", "Infrastructure\Infrastructure.csproj", "{B59FDBAD-1047-488F-8B95-C15D70EE7416}"
EndProject
Project("{9A19103F-16F7-4668-BE54-9A1E7A4F7556}") = "Publisher", "Publisher\Publisher.csproj", "{45F1F40F-E731-45B2-9DF2-CB293E149C2F}"
EndProject
Project("{9A19103F-16F7-4668-BE54-9A1E7A4F7556}") = "Broker", "Broker\Broker.csproj", "{4B6E88C9-5BE5-422D-80D3-98DB8CD0705E}"
EndProject
Global
	GlobalSection(SolutionConfigurationPlatforms) = preSolution
		Debug|Any CPU = Debug|Any CPU
		Release|Any CPU = Release|Any CPU
	EndGlobalSection
	GlobalSection(ProjectConfigurationPlatforms) = postSolution
		{E2AB80EE-01CD-4576-B683-75F4A56B3B79}.Debug|Any CPU.ActiveCfg = Debug|Any CPU
		{E2AB80EE-01CD-4576-B683-75F4A56B3B79}.Debug|Any CPU.Build.0 = Debug|Any CPU
		{E2AB80EE-01CD-4576-B683-75F4A56B3B79}.Release|Any CPU.ActiveCfg = Release|Any CPU
		{E2AB80EE-01CD-4576-B683-75F4A56B3B79}.Release|Any CPU.Build.0 = Release|Any CPU
		{B59FDBAD-1047-488F-8B95-C15D70EE7416}.Debug|Any CPU.ActiveCfg = Debug|Any CPU
		{B59FDBAD-1047-488F-8B95-C15D70EE7416}.Debug|Any CPU.Build.0 = Debug|Any CPU
		{B59FDBAD-1047-488F-8B95-C15D70EE7416}.Release|Any CPU.ActiveCfg = Release|Any CPU
		{B59FDBAD-1047-488F-8B95-C15D70EE7416}.Release|Any CPU.Build.0 = Release|Any CPU
		{45F1F40F-E731-45B2-9DF2-CB293E149C2F}.Debug|Any CPU.ActiveCfg = Debug|Any CPU
		{45F1F40F-E731-45B2-9DF2-CB293E149C2F}.Debug|Any CPU.Build.0 = Debug|Any CPU
		{45F1F40F-E731-45B2-9DF2-CB293E149C2F}.Release|Any CPU.ActiveCfg = Release|Any CPU
		{45F1F40F-E731-45B2-9DF2-CB293E149C2F}.Release|Any CPU.Build.0 = Release|Any CPU
		{4B6E88C9-5BE5-422D-80D3-98DB8CD0705E}.Debug|Any CPU.ActiveCfg = Debug|Any CPU
		{4B6E88C9-5BE5-422D-80D3-98DB8CD0705E}.Debug|Any CPU.Build.0 = Debug|Any CPU
		{4B6E88C9-5BE5-422D-80D3-98DB8CD0705E}.Release|Any CPU.ActiveCfg = Release|Any CPU
		{4B6E88C9-5BE5-422D-80D3-98DB8CD0705E}.Release|Any CPU.Build.0 = Release|Any CPU
	EndGlobalSection
	GlobalSection(SolutionProperties) = preSolution
		HideSolutionNode = FALSE
	EndGlobalSection
	GlobalSection(ExtensibilityGlobals) = postSolution
		SolutionGuid = {DFD02ACD-1631-47C3-9F44-28B4DF63F4D9}
	EndGlobalSection
EndGlobal
